// !$*UTF8*$!
{
	archiveVersion = 1;
	classes = {
	};
	objectVersion = 46;
	objects = {

/* Begin PBXBuildFile section */
		941F00A21B57A6D700982C3C /* AppDelegate.swift in Sources */ = {isa = PBXBuildFile; fileRef = 941F00A11B57A6D700982C3C /* AppDelegate.swift */; };
		941F00A41B57A6D700982C3C /* MasterViewController.swift in Sources */ = {isa = PBXBuildFile; fileRef = 941F00A31B57A6D700982C3C /* MasterViewController.swift */; };
		941F00A61B57A6D700982C3C /* DetailViewController.swift in Sources */ = {isa = PBXBuildFile; fileRef = 941F00A51B57A6D700982C3C /* DetailViewController.swift */; };
		941F00A91B57A6D700982C3C /* Main.storyboard in Resources */ = {isa = PBXBuildFile; fileRef = 941F00A71B57A6D700982C3C /* Main.storyboard */; };
		941F00AB1B57A6D700982C3C /* Assets.xcassets in Resources */ = {isa = PBXBuildFile; fileRef = 941F00AA1B57A6D700982C3C /* Assets.xcassets */; };
		941F00AE1B57A6D700982C3C /* LaunchScreen.storyboard in Resources */ = {isa = PBXBuildFile; fileRef = 941F00AC1B57A6D700982C3C /* LaunchScreen.storyboard */; };
		941F00B91B57A6D700982C3C /* project1Tests.swift in Sources */ = {isa = PBXBuildFile; fileRef = 941F00B81B57A6D700982C3C /* project1Tests.swift */; };
		941F00C41B57A6D700982C3C /* project1UITests.swift in Sources */ = {isa = PBXBuildFile; fileRef = 941F00C31B57A6D700982C3C /* project1UITests.swift */; };
		941F00DD1B57A9CB00982C3C /* nssl0033.jpg in Resources */ = {isa = PBXBuildFile; fileRef = 941F00D31B57A9CB00982C3C /* nssl0033.jpg */; };
		941F00DE1B57A9CB00982C3C /* nssl0034.jpg in Resources */ = {isa = PBXBuildFile; fileRef = 941F00D41B57A9CB00982C3C /* nssl0034.jpg */; };
		941F00DF1B57A9CB00982C3C /* nssl0041.jpg in Resources */ = {isa = PBXBuildFile; fileRef = 941F00D51B57A9CB00982C3C /* nssl0041.jpg */; };
		941F00E01B57A9CB00982C3C /* nssl0042.jpg in Resources */ = {isa = PBXBuildFile; fileRef = 941F00D61B57A9CB00982C3C /* nssl0042.jpg */; };
		941F00E11B57A9CB00982C3C /* nssl0043.jpg in Resources */ = {isa = PBXBuildFile; fileRef = 941F00D71B57A9CB00982C3C /* nssl0043.jpg */; };
		941F00E21B57A9CB00982C3C /* nssl0045.jpg in Resources */ = {isa = PBXBuildFile; fileRef = 941F00D81B57A9CB00982C3C /* nssl0045.jpg */; };
		941F00E31B57A9CB00982C3C /* nssl0046.jpg in Resources */ = {isa = PBXBuildFile; fileRef = 941F00D91B57A9CB00982C3C /* nssl0046.jpg */; };
		941F00E41B57A9CB00982C3C /* nssl0049.jpg in Resources */ = {isa = PBXBuildFile; fileRef = 941F00DA1B57A9CB00982C3C /* nssl0049.jpg */; };
		941F00E51B57A9CB00982C3C /* nssl0051.jpg in Resources */ = {isa = PBXBuildFile; fileRef = 941F00DB1B57A9CB00982C3C /* nssl0051.jpg */; };
		941F00E61B57A9CB00982C3C /* nssl0091.jpg in Resources */ = {isa = PBXBuildFile; fileRef = 941F00DC1B57A9CB00982C3C /* nssl0091.jpg */; };
/* End PBXBuildFile section */

/* Begin PBXContainerItemProxy section */
		941F00B51B57A6D700982C3C /* PBXContainerItemProxy */ = {
			isa = PBXContainerItemProxy;
			containerPortal = 941F00961B57A6D700982C3C /* Project object */;
			proxyType = 1;
			remoteGlobalIDString = 941F009D1B57A6D700982C3C;
			remoteInfo = project1;
		};
		941F00C01B57A6D700982C3C /* PBXContainerItemProxy */ = {
			isa = PBXContainerItemProxy;
			containerPortal = 941F00961B57A6D700982C3C /* Project object */;
			proxyType = 1;
			remoteGlobalIDString = 941F009D1B57A6D700982C3C;
			remoteInfo = project1;
		};
/* End PBXContainerItemProxy section */

/* Begin PBXFileReference section */
		941F009E1B57A6D700982C3C /* project1.app */ = {isa = PBXFileReference; explicitFileType = wrapper.application; includeInIndex = 0; path = project1.app; sourceTree = BUILT_PRODUCTS_DIR; };
		941F00A11B57A6D700982C3C /* AppDelegate.swift */ = {isa = PBXFileReference; lastKnownFileType = sourcecode.swift; path = AppDelegate.swift; sourceTree = "<group>"; };
		941F00A31B57A6D700982C3C /* MasterViewController.swift */ = {isa = PBXFileReference; lastKnownFileType = sourcecode.swift; path = MasterViewController.swift; sourceTree = "<group>"; };
		941F00A51B57A6D700982C3C /* DetailViewController.swift */ = {isa = PBXFileReference; lastKnownFileType = sourcecode.swift; path = DetailViewController.swift; sourceTree = "<group>"; };
		941F00A81B57A6D700982C3C /* Base */ = {isa = PBXFileReference; lastKnownFileType = file.storyboard; name = Base; path = Base.lproj/Main.storyboard; sourceTree = "<group>"; };
		941F00AA1B57A6D700982C3C /* Assets.xcassets */ = {isa = PBXFileReference; lastKnownFileType = folder.assetcatalog; path = Assets.xcassets; sourceTree = "<group>"; };
		941F00AD1B57A6D700982C3C /* Base */ = {isa = PBXFileReference; lastKnownFileType = file.storyboard; name = Base; path = Base.lproj/LaunchScreen.storyboard; sourceTree = "<group>"; };
		941F00AF1B57A6D700982C3C /* Info.plist */ = {isa = PBXFileReference; lastKnownFileType = text.plist.xml; path = Info.plist; sourceTree = "<group>"; };
		941F00B41B57A6D700982C3C /* project1Tests.xctest */ = {isa = PBXFileReference; explicitFileType = wrapper.cfbundle; includeInIndex = 0; path = project1Tests.xctest; sourceTree = BUILT_PRODUCTS_DIR; };
		941F00B81B57A6D700982C3C /* project1Tests.swift */ = {isa = PBXFileReference; lastKnownFileType = sourcecode.swift; path = project1Tests.swift; sourceTree = "<group>"; };
		941F00BA1B57A6D700982C3C /* Info.plist */ = {isa = PBXFileReference; lastKnownFileType = text.plist.xml; path = Info.plist; sourceTree = "<group>"; };
		941F00BF1B57A6D700982C3C /* project1UITests.xctest */ = {isa = PBXFileReference; explicitFileType = wrapper.cfbundle; includeInIndex = 0; path = project1UITests.xctest; sourceTree = BUILT_PRODUCTS_DIR; };
		941F00C31B57A6D700982C3C /* project1UITests.swift */ = {isa = PBXFileReference; lastKnownFileType = sourcecode.swift; path = project1UITests.swift; sourceTree = "<group>"; };
		941F00C51B57A6D700982C3C /* Info.plist */ = {isa = PBXFileReference; lastKnownFileType = text.plist.xml; path = Info.plist; sourceTree = "<group>"; };
		941F00D31B57A9CB00982C3C /* nssl0033.jpg */ = {isa = PBXFileReference; lastKnownFileType = image.jpeg; path = nssl0033.jpg; sourceTree = "<group>"; };
		941F00D41B57A9CB00982C3C /* nssl0034.jpg */ = {isa = PBXFileReference; lastKnownFileType = image.jpeg; path = nssl0034.jpg; sourceTree = "<group>"; };
		941F00D51B57A9CB00982C3C /* nssl0041.jpg */ = {isa = PBXFileReference; lastKnownFileType = image.jpeg; path = nssl0041.jpg; sourceTree = "<group>"; };
		941F00D61B57A9CB00982C3C /* nssl0042.jpg */ = {isa = PBXFileReference; lastKnownFileType = image.jpeg; path = nssl0042.jpg; sourceTree = "<group>"; };
		941F00D71B57A9CB00982C3C /* nssl0043.jpg */ = {isa = PBXFileReference; lastKnownFileType = image.jpeg; path = nssl0043.jpg; sourceTree = "<group>"; };
		941F00D81B57A9CB00982C3C /* nssl0045.jpg */ = {isa = PBXFileReference; lastKnownFileType = image.jpeg; path = nssl0045.jpg; sourceTree = "<group>"; };
		941F00D91B57A9CB00982C3C /* nssl0046.jpg */ = {isa = PBXFileReference; lastKnownFileType = image.jpeg; path = nssl0046.jpg; sourceTree = "<group>"; };
		941F00DA1B57A9CB00982C3C /* nssl0049.jpg */ = {isa = PBXFileReference; lastKnownFileType = image.jpeg; path = nssl0049.jpg; sourceTree = "<group>"; };
		941F00DB1B57A9CB00982C3C /* nssl0051.jpg */ = {isa = PBXFileReference; lastKnownFileType = image.jpeg; path = nssl0051.jpg; sourceTree = "<group>"; };
		941F00DC1B57A9CB00982C3C /* nssl0091.jpg */ = {isa = PBXFileReference; lastKnownFileType = image.jpeg; path = nssl0091.jpg; sourceTree = "<group>"; };
/* End PBXFileReference section */

/* Begin PBXFrameworksBuildPhase section */
		941F009B1B57A6D700982C3C /* Frameworks */ = {
			isa = PBXFrameworksBuildPhase;
			buildActionMask = 2147483647;
			files = (
			);
			runOnlyForDeploymentPostprocessing = 0;
		};
		941F00B11B57A6D700982C3C /* Frameworks */ = {
			isa = PBXFrameworksBuildPhase;
			buildActionMask = 2147483647;
			files = (
			);
			runOnlyForDeploymentPostprocessing = 0;
		};
		941F00BC1B57A6D700982C3C /* Frameworks */ = {
			isa = PBXFrameworksBuildPhase;
			buildActionMask = 2147483647;
			files = (
			);
			runOnlyForDeploymentPostprocessing = 0;
		};
/* End PBXFrameworksBuildPhase section */

/* Begin PBXGroup section */
		941F00951B57A6D700982C3C = {
			isa = PBXGroup;
			children = (
				941F00A01B57A6D700982C3C /* project1 */,
				941F00B71B57A6D700982C3C /* project1Tests */,
				941F00C21B57A6D700982C3C /* project1UITests */,
				941F009F1B57A6D700982C3C /* Products */,
			);
			sourceTree = "<group>";
		};
		941F009F1B57A6D700982C3C /* Products */ = {
			isa = PBXGroup;
			children = (
				941F009E1B57A6D700982C3C /* project1.app */,
				941F00B41B57A6D700982C3C /* project1Tests.xctest */,
				941F00BF1B57A6D700982C3C /* project1UITests.xctest */,
			);
			name = Products;
			sourceTree = "<group>";
		};
		941F00A01B57A6D700982C3C /* project1 */ = {
			isa = PBXGroup;
			children = (
				941F00A11B57A6D700982C3C /* AppDelegate.swift */,
				941F00A31B57A6D700982C3C /* MasterViewController.swift */,
				941F00A51B57A6D700982C3C /* DetailViewController.swift */,
				941F00A71B57A6D700982C3C /* Main.storyboard */,
				941F00AA1B57A6D700982C3C /* Assets.xcassets */,
				941F00AC1B57A6D700982C3C /* LaunchScreen.storyboard */,
				941F00AF1B57A6D700982C3C /* Info.plist */,
				941F00D11B57A97A00982C3C /* Suppoting Files */,
			);
			path = project1;
			sourceTree = "<group>";
		};
		941F00B71B57A6D700982C3C /* project1Tests */ = {
			isa = PBXGroup;
			children = (
				941F00B81B57A6D700982C3C /* project1Tests.swift */,
				941F00BA1B57A6D700982C3C /* Info.plist */,
			);
			path = project1Tests;
			sourceTree = "<group>";
		};
		941F00C21B57A6D700982C3C /* project1UITests */ = {
			isa = PBXGroup;
			children = (
				941F00C31B57A6D700982C3C /* project1UITests.swift */,
				941F00C51B57A6D700982C3C /* Info.plist */,
			);
			path = project1UITests;
			sourceTree = "<group>";
		};
		941F00D11B57A97A00982C3C /* Suppoting Files */ = {
			isa = PBXGroup;
			children = (
				941F00D21B57A9CB00982C3C /* Content */,
			);
			name = "Suppoting Files";
			sourceTree = "<group>";
		};
		941F00D21B57A9CB00982C3C /* Content */ = {
			isa = PBXGroup;
			children = (
				941F00D31B57A9CB00982C3C /* nssl0033.jpg */,
				941F00D41B57A9CB00982C3C /* nssl0034.jpg */,
				941F00D51B57A9CB00982C3C /* nssl0041.jpg */,
				941F00D61B57A9CB00982C3C /* nssl0042.jpg */,
				941F00D71B57A9CB00982C3C /* nssl0043.jpg */,
				941F00D81B57A9CB00982C3C /* nssl0045.jpg */,
				941F00D91B57A9CB00982C3C /* nssl0046.jpg */,
				941F00DA1B57A9CB00982C3C /* nssl0049.jpg */,
				941F00DB1B57A9CB00982C3C /* nssl0051.jpg */,
				941F00DC1B57A9CB00982C3C /* nssl0091.jpg */,
			);
			path = Content;
			sourceTree = "<group>";
		};
/* End PBXGroup section */

/* Begin PBXNativeTarget section */
		941F009D1B57A6D700982C3C /* project1 */ = {
			isa = PBXNativeTarget;
			buildConfigurationList = 941F00C81B57A6D700982C3C /* Build configuration list for PBXNativeTarget "project1" */;
			buildPhases = (
				941F009A1B57A6D700982C3C /* Sources */,
				941F009B1B57A6D700982C3C /* Frameworks */,
				941F009C1B57A6D700982C3C /* Resources */,
			);
			buildRules = (
			);
			dependencies = (
			);
			name = project1;
			productName = project1;
			productReference = 941F009E1B57A6D700982C3C /* project1.app */;
			productType = "com.apple.product-type.application";
		};
		941F00B31B57A6D700982C3C /* project1Tests */ = {
			isa = PBXNativeTarget;
			buildConfigurationList = 941F00CB1B57A6D700982C3C /* Build configuration list for PBXNativeTarget "project1Tests" */;
			buildPhases = (
				941F00B01B57A6D700982C3C /* Sources */,
				941F00B11B57A6D700982C3C /* Frameworks */,
				941F00B21B57A6D700982C3C /* Resources */,
			);
			buildRules = (
			);
			dependencies = (
				941F00B61B57A6D700982C3C /* PBXTargetDependency */,
			);
			name = project1Tests;
			productName = project1Tests;
			productReference = 941F00B41B57A6D700982C3C /* project1Tests.xctest */;
			productType = "com.apple.product-type.bundle.unit-test";
		};
		941F00BE1B57A6D700982C3C /* project1UITests */ = {
			isa = PBXNativeTarget;
			buildConfigurationList = 941F00CE1B57A6D700982C3C /* Build configuration list for PBXNativeTarget "project1UITests" */;
			buildPhases = (
				941F00BB1B57A6D700982C3C /* Sources */,
				941F00BC1B57A6D700982C3C /* Frameworks */,
				941F00BD1B57A6D700982C3C /* Resources */,
			);
			buildRules = (
			);
			dependencies = (
				941F00C11B57A6D700982C3C /* PBXTargetDependency */,
			);
			name = project1UITests;
			productName = project1UITests;
			productReference = 941F00BF1B57A6D700982C3C /* project1UITests.xctest */;
			productType = "com.apple.product-type.bundle.ui-testing";
		};
/* End PBXNativeTarget section */

/* Begin PBXProject section */
		941F00961B57A6D700982C3C /* Project object */ = {
			isa = PBXProject;
			attributes = {
				LastUpgradeCheck = 0700;
				ORGANIZATIONNAME = "Ryan Gibbs";
				TargetAttributes = {
					941F009D1B57A6D700982C3C = {
						CreatedOnToolsVersion = 7.0;
					};
					941F00B31B57A6D700982C3C = {
						CreatedOnToolsVersion = 7.0;
						TestTargetID = 941F009D1B57A6D700982C3C;
					};
					941F00BE1B57A6D700982C3C = {
						CreatedOnToolsVersion = 7.0;
						TestTargetID = 941F009D1B57A6D700982C3C;
					};
				};
			};
			buildConfigurationList = 941F00991B57A6D700982C3C /* Build configuration list for PBXProject "project1" */;
			compatibilityVersion = "Xcode 3.2";
			developmentRegion = English;
			hasScannedForEncodings = 0;
			knownRegions = (
				en,
				Base,
			);
			mainGroup = 941F00951B57A6D700982C3C;
			productRefGroup = 941F009F1B57A6D700982C3C /* Products */;
			projectDirPath = "";
			projectRoot = "";
			targets = (
				941F009D1B57A6D700982C3C /* project1 */,
				941F00B31B57A6D700982C3C /* project1Tests */,
				941F00BE1B57A6D700982C3C /* project1UITests */,
			);
		};
/* End PBXProject section */

/* Begin PBXResourcesBuildPhase section */
		941F009C1B57A6D700982C3C /* Resources */ = {
			isa = PBXResourcesBuildPhase;
			buildActionMask = 2147483647;
			files = (
				941F00DE1B57A9CB00982C3C /* nssl0034.jpg in Resources */,
				941F00E51B57A9CB00982C3C /* nssl0051.jpg in Resources */,
				941F00AE1B57A6D700982C3C /* LaunchScreen.storyboard in Resources */,
				941F00E11B57A9CB00982C3C /* nssl0043.jpg in Resources */,
				941F00DD1B57A9CB00982C3C /* nssl0033.jpg in Resources */,
				941F00E21B57A9CB00982C3C /* nssl0045.jpg in Resources */,
				941F00E31B57A9CB00982C3C /* nssl0046.jpg in Resources */,
				941F00E41B57A9CB00982C3C /* nssl0049.jpg in Resources */,
				941F00E01B57A9CB00982C3C /* nssl0042.jpg in Resources */,
				941F00AB1B57A6D700982C3C /* Assets.xcassets in Resources */,
				941F00E61B57A9CB00982C3C /* nssl0091.jpg in Resources */,
				941F00DF1B57A9CB00982C3C /* nssl0041.jpg in Resources */,
				941F00A91B57A6D700982C3C /* Main.storyboard in Resources */,
			);
			runOnlyForDeploymentPostprocessing = 0;
		};
		941F00B21B57A6D700982C3C /* Resources */ = {
			isa = PBXResourcesBuildPhase;
			buildActionMask = 2147483647;
			files = (
			);
			runOnlyForDeploymentPostprocessing = 0;
		};
		941F00BD1B57A6D700982C3C /* Resources */ = {
			isa = PBXResourcesBuildPhase;
			buildActionMask = 2147483647;
			files = (
			);
			runOnlyForDeploymentPostprocessing = 0;
		};
/* End PBXResourcesBuildPhase section */

/* Begin PBXSourcesBuildPhase section */
		941F009A1B57A6D700982C3C /* Sources */ = {
			isa = PBXSourcesBuildPhase;
			buildActionMask = 2147483647;
			files = (
				941F00A61B57A6D700982C3C /* DetailViewController.swift in Sources */,
				941F00A41B57A6D700982C3C /* MasterViewController.swift in Sources */,
				941F00A21B57A6D700982C3C /* AppDelegate.swift in Sources */,
			);
			runOnlyForDeploymentPostprocessing = 0;
		};
		941F00B01B57A6D700982C3C /* Sources */ = {
			isa = PBXSourcesBuildPhase;
			buildActionMask = 2147483647;
			files = (
				941F00B91B57A6D700982C3C /* project1Tests.swift in Sources */,
			);
			runOnlyForDeploymentPostprocessing = 0;
		};
		941F00BB1B57A6D700982C3C /* Sources */ = {
			isa = PBXSourcesBuildPhase;
			buildActionMask = 2147483647;
			files = (
				941F00C41B57A6D700982C3C /* project1UITests.swift in Sources */,
			);
			runOnlyForDeploymentPostprocessing = 0;
		};
/* End PBXSourcesBuildPhase section */

/* Begin PBXTargetDependency section */
		941F00B61B57A6D700982C3C /* PBXTargetDependency */ = {
			isa = PBXTargetDependency;
			target = 941F009D1B57A6D700982C3C /* project1 */;
			targetProxy = 941F00B51B57A6D700982C3C /* PBXContainerItemProxy */;
		};
		941F00C11B57A6D700982C3C /* PBXTargetDependency */ = {
			isa = PBXTargetDependency;
			target = 941F009D1B57A6D700982C3C /* project1 */;
			targetProxy = 941F00C01B57A6D700982C3C /* PBXContainerItemProxy */;
		};
/* End PBXTargetDependency section */

/* Begin PBXVariantGroup section */
		941F00A71B57A6D700982C3C /* Main.storyboard */ = {
			isa = PBXVariantGroup;
			children = (
				941F00A81B57A6D700982C3C /* Base */,
			);
			name = Main.storyboard;
			sourceTree = "<group>";
		};
		941F00AC1B57A6D700982C3C /* LaunchScreen.storyboard */ = {
			isa = PBXVariantGroup;
			children = (
				941F00AD1B57A6D700982C3C /* Base */,
			);
			name = LaunchScreen.storyboard;
			sourceTree = "<group>";
		};
/* End PBXVariantGroup section */

/* Begin XCBuildConfiguration section */
		941F00C61B57A6D700982C3C /* Debug */ = {
			isa = XCBuildConfiguration;
			buildSettings = {
				ALWAYS_SEARCH_USER_PATHS = NO;
				CLANG_CXX_LANGUAGE_STANDARD = "gnu++0x";
				CLANG_CXX_LIBRARY = "libc++";
				CLANG_ENABLE_MODULES = YES;
				CLANG_ENABLE_OBJC_ARC = YES;
				CLANG_WARN_BOOL_CONVERSION = YES;
				CLANG_WARN_CONSTANT_CONVERSION = YES;
				CLANG_WARN_DIRECT_OBJC_ISA_USAGE = YES_ERROR;
				CLANG_WARN_EMPTY_BODY = YES;
				CLANG_WARN_ENUM_CONVERSION = YES;
				CLANG_WARN_INT_CONVERSION = YES;
				CLANG_WARN_OBJC_ROOT_CLASS = YES_ERROR;
				CLANG_WARN_UNREACHABLE_CODE = YES;
				CLANG_WARN__DUPLICATE_METHOD_MATCH = YES;
				"CODE_SIGN_IDENTITY[sdk=iphoneos*]" = "iPhone Developer";
				COPY_PHASE_STRIP = NO;
				DEBUG_INFORMATION_FORMAT = dwarf;
				ENABLE_STRICT_OBJC_MSGSEND = YES;
				ENABLE_TESTABILITY = YES;
				GCC_C_LANGUAGE_STANDARD = gnu99;
				GCC_DYNAMIC_NO_PIC = NO;
				GCC_NO_COMMON_BLOCKS = YES;
				GCC_OPTIMIZATION_LEVEL = 0;
				GCC_PREPROCESSOR_DEFINITIONS = (
					"DEBUG=1",
					"$(inherited)",
				);
				GCC_WARN_64_TO_32_BIT_CONVERSION = YES;
				GCC_WARN_ABOUT_RETURN_TYPE = YES_ERROR;
				GCC_WARN_UNDECLARED_SELECTOR = YES;
				GCC_WARN_UNINITIALIZED_AUTOS = YES_AGGRESSIVE;
				GCC_WARN_UNUSED_FUNCTION = YES;
				GCC_WARN_UNUSED_VARIABLE = YES;
				IPHONEOS_DEPLOYMENT_TARGET = 9.0;
				MTL_ENABLE_DEBUG_INFO = YES;
				ONLY_ACTIVE_ARCH = YES;
				SDKROOT = iphoneos;
				SWIFT_OPTIMIZATION_LEVEL = "-Onone";
			};
			name = Debug;
		};
		941F00C71B57A6D700982C3C /* Release */ = {
			isa = XCBuildConfiguration;
			buildSettings = {
				ALWAYS_SEARCH_USER_PATHS = NO;
				CLANG_CXX_LANGUAGE_STANDARD = "gnu++0x";
				CLANG_CXX_LIBRARY = "libc++";
				CLANG_ENABLE_MODULES = YES;
				CLANG_ENABLE_OBJC_ARC = YES;
				CLANG_WARN_BOOL_CONVERSION = YES;
				CLANG_WARN_CONSTANT_CONVERSION = YES;
				CLANG_WARN_DIRECT_OBJC_ISA_USAGE = YES_ERROR;
				CLANG_WARN_EMPTY_BODY = YES;
				CLANG_WARN_ENUM_CONVERSION = YES;
				CLANG_WARN_INT_CONVERSION = YES;
				CLANG_WARN_OBJC_ROOT_CLASS = YES_ERROR;
				CLANG_WARN_UNREACHABLE_CODE = YES;
				CLANG_WARN__DUPLICATE_METHOD_MATCH = YES;
				"CODE_SIGN_IDENTITY[sdk=iphoneos*]" = "iPhone Developer";
				COPY_PHASE_STRIP = NO;
				DEBUG_INFORMATION_FORMAT = "dwarf-with-dsym";
				ENABLE_NS_ASSERTIONS = NO;
				ENABLE_STRICT_OBJC_MSGSEND = YES;
				GCC_C_LANGUAGE_STANDARD = gnu99;
				GCC_NO_COMMON_BLOCKS = YES;
				GCC_WARN_64_TO_32_BIT_CONVERSION = YES;
				GCC_WARN_ABOUT_RETURN_TYPE = YES_ERROR;
				GCC_WARN_UNDECLARED_SELECTOR = YES;
				GCC_WARN_UNINITIALIZED_AUTOS = YES_AGGRESSIVE;
				GCC_WARN_UNUSED_FUNCTION = YES;
				GCC_WARN_UNUSED_VARIABLE = YES;
				IPHONEOS_DEPLOYMENT_TARGET = 9.0;
				MTL_ENABLE_DEBUG_INFO = NO;
				SDKROOT = iphoneos;
				VALIDATE_PRODUCT = YES;
			};
			name = Release;
		};
		941F00C91B57A6D700982C3C /* Debug */ = {
			isa = XCBuildConfiguration;
			buildSettings = {
				ASSETCATALOG_COMPILER_APPICON_NAME = AppIcon;
				INFOPLIST_FILE = project1/Info.plist;
				LD_RUNPATH_SEARCH_PATHS = "$(inherited) @executable_path/Frameworks";
				PRODUCT_BUNDLE_IDENTIFIER = com.example.project1;
				PRODUCT_NAME = "$(TARGET_NAME)";
			};
			name = Debug;
		};
		941F00CA1B57A6D700982C3C /* Release */ = {
			isa = XCBuildConfiguration;
			buildSettings = {
				ASSETCATALOG_COMPILER_APPICON_NAME = AppIcon;
				INFOPLIST_FILE = project1/Info.plist;
				LD_RUNPATH_SEARCH_PATHS = "$(inherited) @executable_path/Frameworks";
				PRODUCT_BUNDLE_IDENTIFIER = com.example.project1;
				PRODUCT_NAME = "$(TARGET_NAME)";
			};
			name = Release;
		};
		941F00CC1B57A6D700982C3C /* Debug */ = {
			isa = XCBuildConfiguration;
			buildSettings = {
				BUNDLE_LOADER = "$(TEST_HOST)";
				INFOPLIST_FILE = project1Tests/Info.plist;
				LD_RUNPATH_SEARCH_PATHS = "$(inherited) @executable_path/Frameworks @loader_path/Frameworks";
				PRODUCT_BUNDLE_IDENTIFIER = com.example.project1Tests;
				PRODUCT_NAME = "$(TARGET_NAME)";
				TEST_HOST = "$(BUILT_PRODUCTS_DIR)/project1.app/project1";
			};
			name = Debug;
		};
		941F00CD1B57A6D700982C3C /* Release */ = {
			isa = XCBuildConfiguration;
			buildSettings = {
				BUNDLE_LOADER = "$(TEST_HOST)";
				INFOPLIST_FILE = project1Tests/Info.plist;
				LD_RUNPATH_SEARCH_PATHS = "$(inherited) @executable_path/Frameworks @loader_path/Frameworks";
				PRODUCT_BUNDLE_IDENTIFIER = com.example.project1Tests;
				PRODUCT_NAME = "$(TARGET_NAME)";
				TEST_HOST = "$(BUILT_PRODUCTS_DIR)/project1.app/project1";
			};
			name = Release;
		};
		941F00CF1B57A6D700982C3C /* Debug */ = {
			isa = XCBuildConfiguration;
			buildSettings = {
				INFOPLIST_FILE = project1UITests/Info.plist;
				LD_RUNPATH_SEARCH_PATHS = "$(inherited) @executable_path/Frameworks @loader_path/Frameworks";
				PRODUCT_BUNDLE_IDENTIFIER = com.example.project1UITests;
				PRODUCT_NAME = "$(TARGET_NAME)";
				TEST_TARGET_NAME = project1;
				USES_XCTRUNNER = YES;
			};
			name = Debug;
		};
		941F00D01B57A6D700982C3C /* Release */ = {
			isa = XCBuildConfiguration;
			buildSettings = {
				INFOPLIST_FILE = project1UITests/Info.plist;
				LD_RUNPATH_SEARCH_PATHS = "$(inherited) @executable_path/Frameworks @loader_path/Frameworks";
				PRODUCT_BUNDLE_IDENTIFIER = com.example.project1UITests;
				PRODUCT_NAME = "$(TARGET_NAME)";
				TEST_TARGET_NAME = project1;
				USES_XCTRUNNER = YES;
			};
			name = Release;
		};
/* End XCBuildConfiguration section */

/* Begin XCConfigurationList section */
		941F00991B57A6D700982C3C /* Build configuration list for PBXProject "project1" */ = {
			isa = XCConfigurationList;
			buildConfigurations = (
				941F00C61B57A6D700982C3C /* Debug */,
				941F00C71B57A6D700982C3C /* Release */,
			);
			defaultConfigurationIsVisible = 0;
			defaultConfigurationName = Release;
		};
		941F00C81B57A6D700982C3C /* Build configuration list for PBXNativeTarget "project1" */ = {
			isa = XCConfigurationList;
			buildConfigurations = (
				941F00C91B57A6D700982C3C /* Debug */,
				941F00CA1B57A6D700982C3C /* Release */,
			);
			defaultConfigurationIsVisible = 0;
		};
		941F00CB1B57A6D700982C3C /* Build configuration list for PBXNativeTarget "project1Tests" */ = {
			isa = XCConfigurationList;
			buildConfigurations = (
				941F00CC1B57A6D700982C3C /* Debug */,
				941F00CD1B57A6D700982C3C /* Release */,
			);
			defaultConfigurationIsVisible = 0;
		};
		941F00CE1B57A6D700982C3C /* Build configuration list for PBXNativeTarget "project1UITests" */ = {
			isa = XCConfigurationList;
			buildConfigurations = (
				941F00CF1B57A6D700982C3C /* Debug */,
				941F00D01B57A6D700982C3C /* Release */,
			);
			defaultConfigurationIsVisible = 0;
		};
/* End XCConfigurationList section */
	};
	rootObject = 941F00961B57A6D700982C3C /* Project object */;
}
